
Microsoft Visual Studio Solution File, Format Version 12.00
# Visual Studio 15
VisualStudioVersion = 15.0.26124.0
MinimumVisualStudioVersion = 15.0.26124.0
Project("{2150E333-8FDC-42A3-9474-1A3956D46DE8}") = "src", "src", "{ACF0974A-157B-4BA1-8DCC-6C45BB160028}"
EndProject
Project("{FAE04EC0-301F-11D3-BF4B-00C04F79EFBC}") = "client", "src\client\client.csproj", "{A1BC9C11-C6C3-4AE2-8F71-6B3DC573A98D}"
EndProject
Project("{FAE04EC0-301F-11D3-BF4B-00C04F79EFBC}") = "server", "src\server\server.csproj", "{1DB64A03-6F45-4B6B-80EF-6C32091F9D5F}"
EndProject
Global
	GlobalSection(SolutionConfigurationPlatforms) = preSolution
		Debug|Any CPU = Debug|Any CPU
		Debug|x64 = Debug|x64
		Debug|x86 = Debug|x86
		Release|Any CPU = Release|Any CPU
		Release|x64 = Release|x64
		Release|x86 = Release|x86
	EndGlobalSection
	GlobalSection(SolutionProperties) = preSolution
		HideSolutionNode = FALSE
	EndGlobalSection
	GlobalSection(ProjectConfigurationPlatforms) = postSolution
		{A1BC9C11-C6C3-4AE2-8F71-6B3DC573A98D}.Debug|Any CPU.ActiveCfg = Debug|Any CPU
		{A1BC9C11-C6C3-4AE2-8F71-6B3DC573A98D}.Debug|Any CPU.Build.0 = Debug|Any CPU
		{A1BC9C11-C6C3-4AE2-8F71-6B3DC573A98D}.Debug|x64.ActiveCfg = Debug|Any CPU
		{A1BC9C11-C6C3-4AE2-8F71-6B3DC573A98D}.Debug|x64.Build.0 = Debug|Any CPU
		{A1BC9C11-C6C3-4AE2-8F71-6B3DC573A98D}.Debug|x86.ActiveCfg = Debug|Any CPU
		{A1BC9C11-C6C3-4AE2-8F71-6B3DC573A98D}.Debug|x86.Build.0 = Debug|Any CPU
		{A1BC9C11-C6C3-4AE2-8F71-6B3DC573A98D}.Release|Any CPU.ActiveCfg = Release|Any CPU
		{A1BC9C11-C6C3-4AE2-8F71-6B3DC573A98D}.Release|Any CPU.Build.0 = Release|Any CPU
		{A1BC9C11-C6C3-4AE2-8F71-6B3DC573A98D}.Release|x64.ActiveCfg = Release|Any CPU
		{A1BC9C11-C6C3-4AE2-8F71-6B3DC573A98D}.Release|x64.Build.0 = Release|Any CPU
		{A1BC9C11-C6C3-4AE2-8F71-6B3DC573A98D}.Release|x86.ActiveCfg = Release|Any CPU
		{A1BC9C11-C6C3-4AE2-8F71-6B3DC573A98D}.Release|x86.Build.0 = Release|Any CPU
		{1DB64A03-6F45-4B6B-80EF-6C32091F9D5F}.Debug|Any CPU.ActiveCfg = Debug|Any CPU
		{1DB64A03-6F45-4B6B-80EF-6C32091F9D5F}.Debug|Any CPU.Build.0 = Debug|Any CPU
		{1DB64A03-6F45-4B6B-80EF-6C32091F9D5F}.Debug|x64.ActiveCfg = Debug|Any CPU
		{1DB64A03-6F45-4B6B-80EF-6C32091F9D5F}.Debug|x64.Build.0 = Debug|Any CPU
		{1DB64A03-6F45-4B6B-80EF-6C32091F9D5F}.Debug|x86.ActiveCfg = Debug|Any CPU
		{1DB64A03-6F45-4B6B-80EF-6C32091F9D5F}.Debug|x86.Build.0 = Debug|Any CPU
		{1DB64A03-6F45-4B6B-80EF-6C32091F9D5F}.Release|Any CPU.ActiveCfg = Release|Any CPU
		{1DB64A03-6F45-4B6B-80EF-6C32091F9D5F}.Release|Any CPU.Build.0 = Release|Any CPU
		{1DB64A03-6F45-4B6B-80EF-6C32091F9D5F}.Release|x64.ActiveCfg = Release|Any CPU
		{1DB64A03-6F45-4B6B-80EF-6C32091F9D5F}.Release|x64.Build.0 = Release|Any CPU
		{1DB64A03-6F45-4B6B-80EF-6C32091F9D5F}.Release|x86.ActiveCfg = Release|Any CPU
		{1DB64A03-6F45-4B6B-80EF-6C32091F9D5F}.Release|x86.Build.0 = Release|Any CPU
	EndGlobalSection
	GlobalSection(NestedProjects) = preSolution
		{A1BC9C11-C6C3-4AE2-8F71-6B3DC573A98D} = {ACF0974A-157B-4BA1-8DCC-6C45BB160028}
		{1DB64A03-6F45-4B6B-80EF-6C32091F9D5F} = {ACF0974A-157B-4BA1-8DCC-6C45BB160028}
	EndGlobalSection
EndGlobal
